// !$*UTF8*$!
{
	archiveVersion = 1;
	classes = {
	};
	objectVersion = 50;
	objects = {

/* Begin PBXBuildFile section */
		8434FC5A270D0CA00068E5D3 /* CategoryEntity.swift in Sources */ = {isa = PBXBuildFile; fileRef = 8434FC59270D0CA00068E5D3 /* CategoryEntity.swift */; };
		843BD1FE270D519000FA6C13 /* CategoryTableViewCell.swift in Sources */ = {isa = PBXBuildFile; fileRef = 843BD1FC270D519000FA6C13 /* CategoryTableViewCell.swift */; };
		843BD1FF270D519000FA6C13 /* CategoryTableViewCell.xib in Resources */ = {isa = PBXBuildFile; fileRef = 843BD1FD270D519000FA6C13 /* CategoryTableViewCell.xib */; };
		843BD204270D671D00FA6C13 /* FavoriteViewController.swift in Sources */ = {isa = PBXBuildFile; fileRef = 843BD203270D671D00FA6C13 /* FavoriteViewController.swift */; };
		843BD208270D678C00FA6C13 /* FavoriteTableViewCell.swift in Sources */ = {isa = PBXBuildFile; fileRef = 843BD206270D678C00FA6C13 /* FavoriteTableViewCell.swift */; };
		843BD209270D678C00FA6C13 /* FavoriteTableViewCell.xib in Resources */ = {isa = PBXBuildFile; fileRef = 843BD207270D678C00FA6C13 /* FavoriteTableViewCell.xib */; };
		843BD20B270D699800FA6C13 /* FavoriteEntity.swift in Sources */ = {isa = PBXBuildFile; fileRef = 843BD20A270D699800FA6C13 /* FavoriteEntity.swift */; };
		843BD20E270DFE6700FA6C13 /* ProductViewController.swift in Sources */ = {isa = PBXBuildFile; fileRef = 843BD20D270DFE6700FA6C13 /* ProductViewController.swift */; };
		84A9E83F270BE3C700FD292F /* AppDelegate.swift in Sources */ = {isa = PBXBuildFile; fileRef = 84A9E83E270BE3C700FD292F /* AppDelegate.swift */; };
		84A9E841270BE3C700FD292F /* SceneDelegate.swift in Sources */ = {isa = PBXBuildFile; fileRef = 84A9E840270BE3C700FD292F /* SceneDelegate.swift */; };
		84A9E843270BE3C700FD292F /* ViewController.swift in Sources */ = {isa = PBXBuildFile; fileRef = 84A9E842270BE3C700FD292F /* ViewController.swift */; };
		84A9E846270BE3C700FD292F /* Main.storyboard in Resources */ = {isa = PBXBuildFile; fileRef = 84A9E844270BE3C700FD292F /* Main.storyboard */; };
		84A9E849270BE3C700FD292F /* MELIStore.xcdatamodeld in Sources */ = {isa = PBXBuildFile; fileRef = 84A9E847270BE3C700FD292F /* MELIStore.xcdatamodeld */; };
		84A9E84B270BE3C800FD292F /* Assets.xcassets in Resources */ = {isa = PBXBuildFile; fileRef = 84A9E84A270BE3C800FD292F /* Assets.xcassets */; };
		84A9E84E270BE3C800FD292F /* LaunchScreen.storyboard in Resources */ = {isa = PBXBuildFile; fileRef = 84A9E84C270BE3C800FD292F /* LaunchScreen.storyboard */; };
		84A9E859270BE3C900FD292F /* MELIStoreTests.swift in Sources */ = {isa = PBXBuildFile; fileRef = 84A9E858270BE3C900FD292F /* MELIStoreTests.swift */; };
		84A9E864270BE3C900FD292F /* MELIStoreUITests.swift in Sources */ = {isa = PBXBuildFile; fileRef = 84A9E863270BE3C900FD292F /* MELIStoreUITests.swift */; };
/* End PBXBuildFile section */

/* Begin PBXContainerItemProxy section */
		84A9E855270BE3C900FD292F /* PBXContainerItemProxy */ = {
			isa = PBXContainerItemProxy;
			containerPortal = 84A9E833270BE3C700FD292F /* Project object */;
			proxyType = 1;
			remoteGlobalIDString = 84A9E83A270BE3C700FD292F;
			remoteInfo = MELIStore;
		};
		84A9E860270BE3C900FD292F /* PBXContainerItemProxy */ = {
			isa = PBXContainerItemProxy;
			containerPortal = 84A9E833270BE3C700FD292F /* Project object */;
			proxyType = 1;
			remoteGlobalIDString = 84A9E83A270BE3C700FD292F;
			remoteInfo = MELIStore;
		};
/* End PBXContainerItemProxy section */

/* Begin PBXFileReference section */
		8434FC59270D0CA00068E5D3 /* CategoryEntity.swift */ = {isa = PBXFileReference; lastKnownFileType = sourcecode.swift; path = CategoryEntity.swift; sourceTree = "<group>"; };
		843BD1FC270D519000FA6C13 /* CategoryTableViewCell.swift */ = {isa = PBXFileReference; lastKnownFileType = sourcecode.swift; path = CategoryTableViewCell.swift; sourceTree = "<group>"; };
		843BD1FD270D519000FA6C13 /* CategoryTableViewCell.xib */ = {isa = PBXFileReference; lastKnownFileType = file.xib; path = CategoryTableViewCell.xib; sourceTree = "<group>"; };
		843BD203270D671D00FA6C13 /* FavoriteViewController.swift */ = {isa = PBXFileReference; lastKnownFileType = sourcecode.swift; path = FavoriteViewController.swift; sourceTree = "<group>"; };
		843BD206270D678C00FA6C13 /* FavoriteTableViewCell.swift */ = {isa = PBXFileReference; lastKnownFileType = sourcecode.swift; path = FavoriteTableViewCell.swift; sourceTree = "<group>"; };
		843BD207270D678C00FA6C13 /* FavoriteTableViewCell.xib */ = {isa = PBXFileReference; lastKnownFileType = file.xib; path = FavoriteTableViewCell.xib; sourceTree = "<group>"; };
		843BD20A270D699800FA6C13 /* FavoriteEntity.swift */ = {isa = PBXFileReference; lastKnownFileType = sourcecode.swift; path = FavoriteEntity.swift; sourceTree = "<group>"; };
		843BD20D270DFE6700FA6C13 /* ProductViewController.swift */ = {isa = PBXFileReference; lastKnownFileType = sourcecode.swift; path = ProductViewController.swift; sourceTree = "<group>"; };
		84A9E83B270BE3C700FD292F /* MELIStore.app */ = {isa = PBXFileReference; explicitFileType = wrapper.application; includeInIndex = 0; path = MELIStore.app; sourceTree = BUILT_PRODUCTS_DIR; };
		84A9E83E270BE3C700FD292F /* AppDelegate.swift */ = {isa = PBXFileReference; lastKnownFileType = sourcecode.swift; path = AppDelegate.swift; sourceTree = "<group>"; };
		84A9E840270BE3C700FD292F /* SceneDelegate.swift */ = {isa = PBXFileReference; lastKnownFileType = sourcecode.swift; path = SceneDelegate.swift; sourceTree = "<group>"; };
		84A9E842270BE3C700FD292F /* ViewController.swift */ = {isa = PBXFileReference; lastKnownFileType = sourcecode.swift; path = ViewController.swift; sourceTree = "<group>"; };
		84A9E845270BE3C700FD292F /* Base */ = {isa = PBXFileReference; lastKnownFileType = file.storyboard; name = Base; path = Base.lproj/Main.storyboard; sourceTree = "<group>"; };
		84A9E848270BE3C700FD292F /* MELIStore.xcdatamodel */ = {isa = PBXFileReference; lastKnownFileType = wrapper.xcdatamodel; path = MELIStore.xcdatamodel; sourceTree = "<group>"; };
		84A9E84A270BE3C800FD292F /* Assets.xcassets */ = {isa = PBXFileReference; lastKnownFileType = folder.assetcatalog; path = Assets.xcassets; sourceTree = "<group>"; };
		84A9E84D270BE3C800FD292F /* Base */ = {isa = PBXFileReference; lastKnownFileType = file.storyboard; name = Base; path = Base.lproj/LaunchScreen.storyboard; sourceTree = "<group>"; };
		84A9E84F270BE3C800FD292F /* Info.plist */ = {isa = PBXFileReference; lastKnownFileType = text.plist.xml; path = Info.plist; sourceTree = "<group>"; };
		84A9E854270BE3C900FD292F /* MELIStoreTests.xctest */ = {isa = PBXFileReference; explicitFileType = wrapper.cfbundle; includeInIndex = 0; path = MELIStoreTests.xctest; sourceTree = BUILT_PRODUCTS_DIR; };
		84A9E858270BE3C900FD292F /* MELIStoreTests.swift */ = {isa = PBXFileReference; lastKnownFileType = sourcecode.swift; path = MELIStoreTests.swift; sourceTree = "<group>"; };
		84A9E85A270BE3C900FD292F /* Info.plist */ = {isa = PBXFileReference; lastKnownFileType = text.plist.xml; path = Info.plist; sourceTree = "<group>"; };
		84A9E85F270BE3C900FD292F /* MELIStoreUITests.xctest */ = {isa = PBXFileReference; explicitFileType = wrapper.cfbundle; includeInIndex = 0; path = MELIStoreUITests.xctest; sourceTree = BUILT_PRODUCTS_DIR; };
		84A9E863270BE3C900FD292F /* MELIStoreUITests.swift */ = {isa = PBXFileReference; lastKnownFileType = sourcecode.swift; path = MELIStoreUITests.swift; sourceTree = "<group>"; };
		84A9E865270BE3C900FD292F /* Info.plist */ = {isa = PBXFileReference; lastKnownFileType = text.plist.xml; path = Info.plist; sourceTree = "<group>"; };
/* End PBXFileReference section */

/* Begin PBXFrameworksBuildPhase section */
		84A9E838270BE3C700FD292F /* Frameworks */ = {
			isa = PBXFrameworksBuildPhase;
			buildActionMask = 2147483647;
			files = (
			);
			runOnlyForDeploymentPostprocessing = 0;
		};
		84A9E851270BE3C900FD292F /* Frameworks */ = {
			isa = PBXFrameworksBuildPhase;
			buildActionMask = 2147483647;
			files = (
			);
			runOnlyForDeploymentPostprocessing = 0;
		};
		84A9E85C270BE3C900FD292F /* Frameworks */ = {
			isa = PBXFrameworksBuildPhase;
			buildActionMask = 2147483647;
			files = (
			);
			runOnlyForDeploymentPostprocessing = 0;
		};
/* End PBXFrameworksBuildPhase section */

/* Begin PBXGroup section */
		8434FC4F270CD83A0068E5D3 /* View */ = {
			isa = PBXGroup;
			children = (
				843BD1FB270D516400FA6C13 /* categoryCell */,
				84A9E842270BE3C700FD292F /* ViewController.swift */,
			);
			path = View;
			sourceTree = "<group>";
		};
		8434FC51270CD89B0068E5D3 /* ProductCategory */ = {
			isa = PBXGroup;
			children = (
				8434FC58270D0C570068E5D3 /* Entities */,
				8434FC4F270CD83A0068E5D3 /* View */,
			);
			path = ProductCategory;
			sourceTree = "<group>";
		};
		8434FC52270CD8B20068E5D3 /* Products */ = {
			isa = PBXGroup;
			children = (
				843BD20D270DFE6700FA6C13 /* ProductViewController.swift */,
			);
			path = Products;
			sourceTree = "<group>";
		};
		8434FC53270CD8C50068E5D3 /* Favorites */ = {
			isa = PBXGroup;
			children = (
				843BD202270D66E500FA6C13 /* Entity */,
				843BD200270D66D100FA6C13 /* View */,
			);
			path = Favorites;
			sourceTree = "<group>";
		};
		8434FC58270D0C570068E5D3 /* Entities */ = {
			isa = PBXGroup;
			children = (
				8434FC59270D0CA00068E5D3 /* CategoryEntity.swift */,
			);
			path = Entities;
			sourceTree = "<group>";
		};
		843BD1FB270D516400FA6C13 /* categoryCell */ = {
			isa = PBXGroup;
			children = (
				843BD1FC270D519000FA6C13 /* CategoryTableViewCell.swift */,
				843BD1FD270D519000FA6C13 /* CategoryTableViewCell.xib */,
			);
			path = categoryCell;
			sourceTree = "<group>";
		};
		843BD200270D66D100FA6C13 /* View */ = {
			isa = PBXGroup;
			children = (
				843BD205270D675E00FA6C13 /* cell */,
				843BD203270D671D00FA6C13 /* FavoriteViewController.swift */,
			);
			path = View;
			sourceTree = "<group>";
		};
		843BD202270D66E500FA6C13 /* Entity */ = {
			isa = PBXGroup;
			children = (
				843BD20A270D699800FA6C13 /* FavoriteEntity.swift */,
			);
			path = Entity;
			sourceTree = "<group>";
		};
		843BD205270D675E00FA6C13 /* cell */ = {
			isa = PBXGroup;
			children = (
				843BD206270D678C00FA6C13 /* FavoriteTableViewCell.swift */,
				843BD207270D678C00FA6C13 /* FavoriteTableViewCell.xib */,
			);
			path = cell;
			sourceTree = "<group>";
		};
		843BD20C270DFE2800FA6C13 /* ProductDetail */ = {
			isa = PBXGroup;
			children = (
			);
			path = ProductDetail;
			sourceTree = "<group>";
		};
		84A9E832270BE3C700FD292F = {
			isa = PBXGroup;
			children = (
				84A9E83D270BE3C700FD292F /* MELIStore */,
				84A9E857270BE3C900FD292F /* MELIStoreTests */,
				84A9E862270BE3C900FD292F /* MELIStoreUITests */,
				84A9E83C270BE3C700FD292F /* Products */,
			);
			sourceTree = "<group>";
		};
		84A9E83C270BE3C700FD292F /* Products */ = {
			isa = PBXGroup;
			children = (
				84A9E83B270BE3C700FD292F /* MELIStore.app */,
				84A9E854270BE3C900FD292F /* MELIStoreTests.xctest */,
				84A9E85F270BE3C900FD292F /* MELIStoreUITests.xctest */,
			);
			name = Products;
			sourceTree = "<group>";
		};
		84A9E83D270BE3C700FD292F /* MELIStore */ = {
			isa = PBXGroup;
			children = (
				84A9E874270BE44D00FD292F /* Modules */,
				84A9E873270BE44200FD292F /* Resources */,
				84A9E872270BE43400FD292F /* APIServiceManager */,
				84A9E871270BE3DC00FD292F /* Views */,
				84A9E83E270BE3C700FD292F /* AppDelegate.swift */,
				84A9E840270BE3C700FD292F /* SceneDelegate.swift */,
				84A9E84A270BE3C800FD292F /* Assets.xcassets */,
				84A9E84F270BE3C800FD292F /* Info.plist */,
				84A9E847270BE3C700FD292F /* MELIStore.xcdatamodeld */,
			);
			path = MELIStore;
			sourceTree = "<group>";
		};
		84A9E857270BE3C900FD292F /* MELIStoreTests */ = {
			isa = PBXGroup;
			children = (
				84A9E858270BE3C900FD292F /* MELIStoreTests.swift */,
				84A9E85A270BE3C900FD292F /* Info.plist */,
			);
			path = MELIStoreTests;
			sourceTree = "<group>";
		};
		84A9E862270BE3C900FD292F /* MELIStoreUITests */ = {
			isa = PBXGroup;
			children = (
				84A9E863270BE3C900FD292F /* MELIStoreUITests.swift */,
				84A9E865270BE3C900FD292F /* Info.plist */,
			);
			path = MELIStoreUITests;
			sourceTree = "<group>";
		};
		84A9E871270BE3DC00FD292F /* Views */ = {
			isa = PBXGroup;
			children = (
				84A9E84C270BE3C800FD292F /* LaunchScreen.storyboard */,
				84A9E844270BE3C700FD292F /* Main.storyboard */,
			);
			path = Views;
			sourceTree = "<group>";
		};
		84A9E872270BE43400FD292F /* APIServiceManager */ = {
			isa = PBXGroup;
			children = (
			);
			path = APIServiceManager;
			sourceTree = "<group>";
		};
		84A9E873270BE44200FD292F /* Resources */ = {
			isa = PBXGroup;
			children = (
			);
			path = Resources;
			sourceTree = "<group>";
		};
		84A9E874270BE44D00FD292F /* Modules */ = {
			isa = PBXGroup;
			children = (
				843BD20C270DFE2800FA6C13 /* ProductDetail */,
				8434FC53270CD8C50068E5D3 /* Favorites */,
				8434FC52270CD8B20068E5D3 /* Products */,
				8434FC51270CD89B0068E5D3 /* ProductCategory */,
			);
			path = Modules;
			sourceTree = "<group>";
		};
/* End PBXGroup section */

/* Begin PBXNativeTarget section */
		84A9E83A270BE3C700FD292F /* MELIStore */ = {
			isa = PBXNativeTarget;
			buildConfigurationList = 84A9E868270BE3C900FD292F /* Build configuration list for PBXNativeTarget "MELIStore" */;
			buildPhases = (
				84A9E837270BE3C700FD292F /* Sources */,
				84A9E838270BE3C700FD292F /* Frameworks */,
				84A9E839270BE3C700FD292F /* Resources */,
			);
			buildRules = (
			);
			dependencies = (
			);
			name = MELIStore;
			productName = MELIStore;
			productReference = 84A9E83B270BE3C700FD292F /* MELIStore.app */;
			productType = "com.apple.product-type.application";
		};
		84A9E853270BE3C900FD292F /* MELIStoreTests */ = {
			isa = PBXNativeTarget;
			buildConfigurationList = 84A9E86B270BE3C900FD292F /* Build configuration list for PBXNativeTarget "MELIStoreTests" */;
			buildPhases = (
				84A9E850270BE3C900FD292F /* Sources */,
				84A9E851270BE3C900FD292F /* Frameworks */,
				84A9E852270BE3C900FD292F /* Resources */,
			);
			buildRules = (
			);
			dependencies = (
				84A9E856270BE3C900FD292F /* PBXTargetDependency */,
			);
			name = MELIStoreTests;
			productName = MELIStoreTests;
			productReference = 84A9E854270BE3C900FD292F /* MELIStoreTests.xctest */;
			productType = "com.apple.product-type.bundle.unit-test";
		};
		84A9E85E270BE3C900FD292F /* MELIStoreUITests */ = {
			isa = PBXNativeTarget;
			buildConfigurationList = 84A9E86E270BE3C900FD292F /* Build configuration list for PBXNativeTarget "MELIStoreUITests" */;
			buildPhases = (
				84A9E85B270BE3C900FD292F /* Sources */,
				84A9E85C270BE3C900FD292F /* Frameworks */,
				84A9E85D270BE3C900FD292F /* Resources */,
			);
			buildRules = (
			);
			dependencies = (
				84A9E861270BE3C900FD292F /* PBXTargetDependency */,
			);
			name = MELIStoreUITests;
			productName = MELIStoreUITests;
			productReference = 84A9E85F270BE3C900FD292F /* MELIStoreUITests.xctest */;
			productType = "com.apple.product-type.bundle.ui-testing";
		};
/* End PBXNativeTarget section */

/* Begin PBXProject section */
		84A9E833270BE3C700FD292F /* Project object */ = {
			isa = PBXProject;
			attributes = {
				LastSwiftUpdateCheck = 1250;
				LastUpgradeCheck = 1250;
				TargetAttributes = {
					84A9E83A270BE3C700FD292F = {
						CreatedOnToolsVersion = 12.5.1;
					};
					84A9E853270BE3C900FD292F = {
						CreatedOnToolsVersion = 12.5.1;
						TestTargetID = 84A9E83A270BE3C700FD292F;
					};
					84A9E85E270BE3C900FD292F = {
						CreatedOnToolsVersion = 12.5.1;
						TestTargetID = 84A9E83A270BE3C700FD292F;
					};
				};
			};
			buildConfigurationList = 84A9E836270BE3C700FD292F /* Build configuration list for PBXProject "MELIStore" */;
			compatibilityVersion = "Xcode 9.3";
			developmentRegion = en;
			hasScannedForEncodings = 0;
			knownRegions = (
				en,
				Base,
			);
			mainGroup = 84A9E832270BE3C700FD292F;
			productRefGroup = 84A9E83C270BE3C700FD292F /* Products */;
			projectDirPath = "";
			projectRoot = "";
			targets = (
				84A9E83A270BE3C700FD292F /* MELIStore */,
				84A9E853270BE3C900FD292F /* MELIStoreTests */,
				84A9E85E270BE3C900FD292F /* MELIStoreUITests */,
			);
		};
/* End PBXProject section */

/* Begin PBXResourcesBuildPhase section */
		84A9E839270BE3C700FD292F /* Resources */ = {
			isa = PBXResourcesBuildPhase;
			buildActionMask = 2147483647;
			files = (
				84A9E84E270BE3C800FD292F /* LaunchScreen.storyboard in Resources */,
				84A9E84B270BE3C800FD292F /* Assets.xcassets in Resources */,
				843BD209270D678C00FA6C13 /* FavoriteTableViewCell.xib in Resources */,
				84A9E846270BE3C700FD292F /* Main.storyboard in Resources */,
				843BD1FF270D519000FA6C13 /* CategoryTableViewCell.xib in Resources */,
			);
			runOnlyForDeploymentPostprocessing = 0;
		};
		84A9E852270BE3C900FD292F /* Resources */ = {
			isa = PBXResourcesBuildPhase;
			buildActionMask = 2147483647;
			files = (
			);
			runOnlyForDeploymentPostprocessing = 0;
		};
		84A9E85D270BE3C900FD292F /* Resources */ = {
			isa = PBXResourcesBuildPhase;
			buildActionMask = 2147483647;
			files = (
			);
			runOnlyForDeploymentPostprocessing = 0;
		};
/* End PBXResourcesBuildPhase section */

/* Begin PBXSourcesBuildPhase section */
		84A9E837270BE3C700FD292F /* Sources */ = {
			isa = PBXSourcesBuildPhase;
			buildActionMask = 2147483647;
			files = (
				84A9E843270BE3C700FD292F /* ViewController.swift in Sources */,
				843BD208270D678C00FA6C13 /* FavoriteTableViewCell.swift in Sources */,
				84A9E83F270BE3C700FD292F /* AppDelegate.swift in Sources */,
				84A9E849270BE3C700FD292F /* MELIStore.xcdatamodeld in Sources */,
				843BD20B270D699800FA6C13 /* FavoriteEntity.swift in Sources */,
				843BD204270D671D00FA6C13 /* FavoriteViewController.swift in Sources */,
				8434FC5A270D0CA00068E5D3 /* CategoryEntity.swift in Sources */,
				84A9E841270BE3C700FD292F /* SceneDelegate.swift in Sources */,
				843BD20E270DFE6700FA6C13 /* ProductViewController.swift in Sources */,
				843BD1FE270D519000FA6C13 /* CategoryTableViewCell.swift in Sources */,
			);
			runOnlyForDeploymentPostprocessing = 0;
		};
		84A9E850270BE3C900FD292F /* Sources */ = {
			isa = PBXSourcesBuildPhase;
			buildActionMask = 2147483647;
			files = (
				84A9E859270BE3C900FD292F /* MELIStoreTests.swift in Sources */,
			);
			runOnlyForDeploymentPostprocessing = 0;
		};
		84A9E85B270BE3C900FD292F /* Sources */ = {
			isa = PBXSourcesBuildPhase;
			buildActionMask = 2147483647;
			files = (
				84A9E864270BE3C900FD292F /* MELIStoreUITests.swift in Sources */,
			);
			runOnlyForDeploymentPostprocessing = 0;
		};
/* End PBXSourcesBuildPhase section */

/* Begin PBXTargetDependency section */
		84A9E856270BE3C900FD292F /* PBXTargetDependency */ = {
			isa = PBXTargetDependency;
			target = 84A9E83A270BE3C700FD292F /* MELIStore */;
			targetProxy = 84A9E855270BE3C900FD292F /* PBXContainerItemProxy */;
		};
		84A9E861270BE3C900FD292F /* PBXTargetDependency */ = {
			isa = PBXTargetDependency;
			target = 84A9E83A270BE3C700FD292F /* MELIStore */;
			targetProxy = 84A9E860270BE3C900FD292F /* PBXContainerItemProxy */;
		};
/* End PBXTargetDependency section */

/* Begin PBXVariantGroup section */
		84A9E844270BE3C700FD292F /* Main.storyboard */ = {
			isa = PBXVariantGroup;
			children = (
				84A9E845270BE3C700FD292F /* Base */,
			);
			name = Main.storyboard;
			sourceTree = "<group>";
		};
		84A9E84C270BE3C800FD292F /* LaunchScreen.storyboard */ = {
			isa = PBXVariantGroup;
			children = (
				84A9E84D270BE3C800FD292F /* Base */,
			);
			name = LaunchScreen.storyboard;
			sourceTree = "<group>";
		};
/* End PBXVariantGroup section */

/* Begin XCBuildConfiguration section */
		84A9E866270BE3C900FD292F /* Debug */ = {
			isa = XCBuildConfiguration;
			buildSettings = {
				ALWAYS_SEARCH_USER_PATHS = NO;
				CLANG_ANALYZER_NONNULL = YES;
				CLANG_ANALYZER_NUMBER_OBJECT_CONVERSION = YES_AGGRESSIVE;
				CLANG_CXX_LANGUAGE_STANDARD = "gnu++14";
				CLANG_CXX_LIBRARY = "libc++";
				CLANG_ENABLE_MODULES = YES;
				CLANG_ENABLE_OBJC_ARC = YES;
				CLANG_ENABLE_OBJC_WEAK = YES;
				CLANG_WARN_BLOCK_CAPTURE_AUTORELEASING = YES;
				CLANG_WARN_BOOL_CONVERSION = YES;
				CLANG_WARN_COMMA = YES;
				CLANG_WARN_CONSTANT_CONVERSION = YES;
				CLANG_WARN_DEPRECATED_OBJC_IMPLEMENTATIONS = YES;
				CLANG_WARN_DIRECT_OBJC_ISA_USAGE = YES_ERROR;
				CLANG_WARN_DOCUMENTATION_COMMENTS = YES;
				CLANG_WARN_EMPTY_BODY = YES;
				CLANG_WARN_ENUM_CONVERSION = YES;
				CLANG_WARN_INFINITE_RECURSION = YES;
				CLANG_WARN_INT_CONVERSION = YES;
				CLANG_WARN_NON_LITERAL_NULL_CONVERSION = YES;
				CLANG_WARN_OBJC_IMPLICIT_RETAIN_SELF = YES;
				CLANG_WARN_OBJC_LITERAL_CONVERSION = YES;
				CLANG_WARN_OBJC_ROOT_CLASS = YES_ERROR;
				CLANG_WARN_QUOTED_INCLUDE_IN_FRAMEWORK_HEADER = YES;
				CLANG_WARN_RANGE_LOOP_ANALYSIS = YES;
				CLANG_WARN_STRICT_PROTOTYPES = YES;
				CLANG_WARN_SUSPICIOUS_MOVE = YES;
				CLANG_WARN_UNGUARDED_AVAILABILITY = YES_AGGRESSIVE;
				CLANG_WARN_UNREACHABLE_CODE = YES;
				CLANG_WARN__DUPLICATE_METHOD_MATCH = YES;
				COPY_PHASE_STRIP = NO;
				DEBUG_INFORMATION_FORMAT = dwarf;
				ENABLE_STRICT_OBJC_MSGSEND = YES;
				ENABLE_TESTABILITY = YES;
				GCC_C_LANGUAGE_STANDARD = gnu11;
				GCC_DYNAMIC_NO_PIC = NO;
				GCC_NO_COMMON_BLOCKS = YES;
				GCC_OPTIMIZATION_LEVEL = 0;
				GCC_PREPROCESSOR_DEFINITIONS = (
					"DEBUG=1",
					"$(inherited)",
				);
				GCC_WARN_64_TO_32_BIT_CONVERSION = YES;
				GCC_WARN_ABOUT_RETURN_TYPE = YES_ERROR;
				GCC_WARN_UNDECLARED_SELECTOR = YES;
				GCC_WARN_UNINITIALIZED_AUTOS = YES_AGGRESSIVE;
				GCC_WARN_UNUSED_FUNCTION = YES;
				GCC_WARN_UNUSED_VARIABLE = YES;
				IPHONEOS_DEPLOYMENT_TARGET = 14.5;
				MTL_ENABLE_DEBUG_INFO = INCLUDE_SOURCE;
				MTL_FAST_MATH = YES;
				ONLY_ACTIVE_ARCH = YES;
				SDKROOT = iphoneos;
				SWIFT_ACTIVE_COMPILATION_CONDITIONS = DEBUG;
				SWIFT_OPTIMIZATION_LEVEL = "-Onone";
			};
			name = Debug;
		};
		84A9E867270BE3C900FD292F /* Release */ = {
			isa = XCBuildConfiguration;
			buildSettings = {
				ALWAYS_SEARCH_USER_PATHS = NO;
				CLANG_ANALYZER_NONNULL = YES;
				CLANG_ANALYZER_NUMBER_OBJECT_CONVERSION = YES_AGGRESSIVE;
				CLANG_CXX_LANGUAGE_STANDARD = "gnu++14";
				CLANG_CXX_LIBRARY = "libc++";
				CLANG_ENABLE_MODULES = YES;
				CLANG_ENABLE_OBJC_ARC = YES;
				CLANG_ENABLE_OBJC_WEAK = YES;
				CLANG_WARN_BLOCK_CAPTURE_AUTORELEASING = YES;
				CLANG_WARN_BOOL_CONVERSION = YES;
				CLANG_WARN_COMMA = YES;
				CLANG_WARN_CONSTANT_CONVERSION = YES;
				CLANG_WARN_DEPRECATED_OBJC_IMPLEMENTATIONS = YES;
				CLANG_WARN_DIRECT_OBJC_ISA_USAGE = YES_ERROR;
				CLANG_WARN_DOCUMENTATION_COMMENTS = YES;
				CLANG_WARN_EMPTY_BODY = YES;
				CLANG_WARN_ENUM_CONVERSION = YES;
				CLANG_WARN_INFINITE_RECURSION = YES;
				CLANG_WARN_INT_CONVERSION = YES;
				CLANG_WARN_NON_LITERAL_NULL_CONVERSION = YES;
				CLANG_WARN_OBJC_IMPLICIT_RETAIN_SELF = YES;
				CLANG_WARN_OBJC_LITERAL_CONVERSION = YES;
				CLANG_WARN_OBJC_ROOT_CLASS = YES_ERROR;
				CLANG_WARN_QUOTED_INCLUDE_IN_FRAMEWORK_HEADER = YES;
				CLANG_WARN_RANGE_LOOP_ANALYSIS = YES;
				CLANG_WARN_STRICT_PROTOTYPES = YES;
				CLANG_WARN_SUSPICIOUS_MOVE = YES;
				CLANG_WARN_UNGUARDED_AVAILABILITY = YES_AGGRESSIVE;
				CLANG_WARN_UNREACHABLE_CODE = YES;
				CLANG_WARN__DUPLICATE_METHOD_MATCH = YES;
				COPY_PHASE_STRIP = NO;
				DEBUG_INFORMATION_FORMAT = "dwarf-with-dsym";
				ENABLE_NS_ASSERTIONS = NO;
				ENABLE_STRICT_OBJC_MSGSEND = YES;
				GCC_C_LANGUAGE_STANDARD = gnu11;
				GCC_NO_COMMON_BLOCKS = YES;
				GCC_WARN_64_TO_32_BIT_CONVERSION = YES;
				GCC_WARN_ABOUT_RETURN_TYPE = YES_ERROR;
				GCC_WARN_UNDECLARED_SELECTOR = YES;
				GCC_WARN_UNINITIALIZED_AUTOS = YES_AGGRESSIVE;
				GCC_WARN_UNUSED_FUNCTION = YES;
				GCC_WARN_UNUSED_VARIABLE = YES;
				IPHONEOS_DEPLOYMENT_TARGET = 14.5;
				MTL_ENABLE_DEBUG_INFO = NO;
				MTL_FAST_MATH = YES;
				SDKROOT = iphoneos;
				SWIFT_COMPILATION_MODE = wholemodule;
				SWIFT_OPTIMIZATION_LEVEL = "-O";
				VALIDATE_PRODUCT = YES;
			};
			name = Release;
		};
		84A9E869270BE3C900FD292F /* Debug */ = {
			isa = XCBuildConfiguration;
			buildSettings = {
				ASSETCATALOG_COMPILER_APPICON_NAME = AppIcon;
				ASSETCATALOG_COMPILER_GLOBAL_ACCENT_COLOR_NAME = AccentColor;
				CODE_SIGN_STYLE = Automatic;
				DEVELOPMENT_TEAM = KDX3FSW9D8;
				INFOPLIST_FILE = MELIStore/Info.plist;
				LD_RUNPATH_SEARCH_PATHS = (
					"$(inherited)",
					"@executable_path/Frameworks",
				);
				PRODUCT_BUNDLE_IDENTIFIER = com.keyeusse.MELIStore;
				PRODUCT_NAME = "$(TARGET_NAME)";
				SWIFT_VERSION = 5.0;
				TARGETED_DEVICE_FAMILY = "1,2";
			};
			name = Debug;
		};
		84A9E86A270BE3C900FD292F /* Release */ = {
			isa = XCBuildConfiguration;
			buildSettings = {
				ASSETCATALOG_COMPILER_APPICON_NAME = AppIcon;
				ASSETCATALOG_COMPILER_GLOBAL_ACCENT_COLOR_NAME = AccentColor;
				CODE_SIGN_STYLE = Automatic;
				DEVELOPMENT_TEAM = KDX3FSW9D8;
				INFOPLIST_FILE = MELIStore/Info.plist;
				LD_RUNPATH_SEARCH_PATHS = (
					"$(inherited)",
					"@executable_path/Frameworks",
				);
				PRODUCT_BUNDLE_IDENTIFIER = com.keyeusse.MELIStore;
				PRODUCT_NAME = "$(TARGET_NAME)";
				SWIFT_VERSION = 5.0;
				TARGETED_DEVICE_FAMILY = "1,2";
			};
			name = Release;
		};
		84A9E86C270BE3C900FD292F /* Debug */ = {
			isa = XCBuildConfiguration;
			buildSettings = {
				ALWAYS_EMBED_SWIFT_STANDARD_LIBRARIES = YES;
				BUNDLE_LOADER = "$(TEST_HOST)";
				CODE_SIGN_STYLE = Automatic;
				DEVELOPMENT_TEAM = KDX3FSW9D8;
				INFOPLIST_FILE = MELIStoreTests/Info.plist;
				IPHONEOS_DEPLOYMENT_TARGET = 14.5;
				LD_RUNPATH_SEARCH_PATHS = (
					"$(inherited)",
					"@executable_path/Frameworks",
					"@loader_path/Frameworks",
				);
				PRODUCT_BUNDLE_IDENTIFIER = com.keyeusse.MELIStoreTests;
				PRODUCT_NAME = "$(TARGET_NAME)";
				SWIFT_VERSION = 5.0;
				TARGETED_DEVICE_FAMILY = "1,2";
				TEST_HOST = "$(BUILT_PRODUCTS_DIR)/MELIStore.app/MELIStore";
			};
			name = Debug;
		};
		84A9E86D270BE3C900FD292F /* Release */ = {
			isa = XCBuildConfiguration;
			buildSettings = {
				ALWAYS_EMBED_SWIFT_STANDARD_LIBRARIES = YES;
				BUNDLE_LOADER = "$(TEST_HOST)";
				CODE_SIGN_STYLE = Automatic;
				DEVELOPMENT_TEAM = KDX3FSW9D8;
				INFOPLIST_FILE = MELIStoreTests/Info.plist;
				IPHONEOS_DEPLOYMENT_TARGET = 14.5;
				LD_RUNPATH_SEARCH_PATHS = (
					"$(inherited)",
					"@executable_path/Frameworks",
					"@loader_path/Frameworks",
				);
				PRODUCT_BUNDLE_IDENTIFIER = com.keyeusse.MELIStoreTests;
				PRODUCT_NAME = "$(TARGET_NAME)";
				SWIFT_VERSION = 5.0;
				TARGETED_DEVICE_FAMILY = "1,2";
				TEST_HOST = "$(BUILT_PRODUCTS_DIR)/MELIStore.app/MELIStore";
			};
			name = Release;
		};
		84A9E86F270BE3C900FD292F /* Debug */ = {
			isa = XCBuildConfiguration;
			buildSettings = {
				ALWAYS_EMBED_SWIFT_STANDARD_LIBRARIES = YES;
				CODE_SIGN_STYLE = Automatic;
				DEVELOPMENT_TEAM = KDX3FSW9D8;
				INFOPLIST_FILE = MELIStoreUITests/Info.plist;
				LD_RUNPATH_SEARCH_PATHS = (
					"$(inherited)",
					"@executable_path/Frameworks",
					"@loader_path/Frameworks",
				);
				PRODUCT_BUNDLE_IDENTIFIER = com.keyeusse.MELIStoreUITests;
				PRODUCT_NAME = "$(TARGET_NAME)";
				SWIFT_VERSION = 5.0;
				TARGETED_DEVICE_FAMILY = "1,2";
				TEST_TARGET_NAME = MELIStore;
			};
			name = Debug;
		};
		84A9E870270BE3C900FD292F /* Release */ = {
			isa = XCBuildConfiguration;
			buildSettings = {
				ALWAYS_EMBED_SWIFT_STANDARD_LIBRARIES = YES;
				CODE_SIGN_STYLE = Automatic;
				DEVELOPMENT_TEAM = KDX3FSW9D8;
				INFOPLIST_FILE = MELIStoreUITests/Info.plist;
				LD_RUNPATH_SEARCH_PATHS = (
					"$(inherited)",
					"@executable_path/Frameworks",
					"@loader_path/Frameworks",
				);
				PRODUCT_BUNDLE_IDENTIFIER = com.keyeusse.MELIStoreUITests;
				PRODUCT_NAME = "$(TARGET_NAME)";
				SWIFT_VERSION = 5.0;
				TARGETED_DEVICE_FAMILY = "1,2";
				TEST_TARGET_NAME = MELIStore;
			};
			name = Release;
		};
/* End XCBuildConfiguration section */

/* Begin XCConfigurationList section */
		84A9E836270BE3C700FD292F /* Build configuration list for PBXProject "MELIStore" */ = {
			isa = XCConfigurationList;
			buildConfigurations = (
				84A9E866270BE3C900FD292F /* Debug */,
				84A9E867270BE3C900FD292F /* Release */,
			);
			defaultConfigurationIsVisible = 0;
			defaultConfigurationName = Release;
		};
		84A9E868270BE3C900FD292F /* Build configuration list for PBXNativeTarget "MELIStore" */ = {
			isa = XCConfigurationList;
			buildConfigurations = (
				84A9E869270BE3C900FD292F /* Debug */,
				84A9E86A270BE3C900FD292F /* Release */,
			);
			defaultConfigurationIsVisible = 0;
			defaultConfigurationName = Release;
		};
		84A9E86B270BE3C900FD292F /* Build configuration list for PBXNativeTarget "MELIStoreTests" */ = {
			isa = XCConfigurationList;
			buildConfigurations = (
				84A9E86C270BE3C900FD292F /* Debug */,
				84A9E86D270BE3C900FD292F /* Release */,
			);
			defaultConfigurationIsVisible = 0;
			defaultConfigurationName = Release;
		};
		84A9E86E270BE3C900FD292F /* Build configuration list for PBXNativeTarget "MELIStoreUITests" */ = {
			isa = XCConfigurationList;
			buildConfigurations = (
				84A9E86F270BE3C900FD292F /* Debug */,
				84A9E870270BE3C900FD292F /* Release */,
			);
			defaultConfigurationIsVisible = 0;
			defaultConfigurationName = Release;
		};
/* End XCConfigurationList section */

/* Begin XCVersionGroup section */
		84A9E847270BE3C700FD292F /* MELIStore.xcdatamodeld */ = {
			isa = XCVersionGroup;
			children = (
				84A9E848270BE3C700FD292F /* MELIStore.xcdatamodel */,
			);
			currentVersion = 84A9E848270BE3C700FD292F /* MELIStore.xcdatamodel */;
			path = MELIStore.xcdatamodeld;
			sourceTree = "<group>";
			versionGroupType = wrapper.xcdatamodel;
		};
/* End XCVersionGroup section */
	};
	rootObject = 84A9E833270BE3C700FD292F /* Project object */;
}
